// !$*UTF8*$!
{
	archiveVersion = 1;
	classes = {
	};
	objectVersion = 50;
	objects = {

/* Begin PBXBuildFile section */
		C737BCC724D39D120025A09D /* StockHoldingsViewController.swift in Sources */ = {isa = PBXBuildFile; fileRef = C737BCC624D39D120025A09D /* StockHoldingsViewController.swift */; };
		C7AED75124D516A800BBEA2F /* AddHoldingViewController.swift in Sources */ = {isa = PBXBuildFile; fileRef = C7AED75024D516A800BBEA2F /* AddHoldingViewController.swift */; };
		C7AED75324D5EF4A00BBEA2F /* Holding.swift in Sources */ = {isa = PBXBuildFile; fileRef = C7AED75224D5EF4A00BBEA2F /* Holding.swift */; };
		C7D2EACD24CC00DB00AAB658 /* AppDelegate.swift in Sources */ = {isa = PBXBuildFile; fileRef = C7D2EACC24CC00DB00AAB658 /* AppDelegate.swift */; };
		C7D2EACF24CC00DB00AAB658 /* SceneDelegate.swift in Sources */ = {isa = PBXBuildFile; fileRef = C7D2EACE24CC00DB00AAB658 /* SceneDelegate.swift */; };
		C7D2EAD124CC00DB00AAB658 /* MainViewController.swift in Sources */ = {isa = PBXBuildFile; fileRef = C7D2EAD024CC00DB00AAB658 /* MainViewController.swift */; };
		C7D2EAD424CC00DB00AAB658 /* Main.storyboard in Resources */ = {isa = PBXBuildFile; fileRef = C7D2EAD224CC00DB00AAB658 /* Main.storyboard */; };
		C7D2EAD624CC00DC00AAB658 /* Assets.xcassets in Resources */ = {isa = PBXBuildFile; fileRef = C7D2EAD524CC00DC00AAB658 /* Assets.xcassets */; };
		C7D2EAE424CCE43100AAB658 /* StockModel.swift in Sources */ = {isa = PBXBuildFile; fileRef = C7D2EAE224CCE43100AAB658 /* StockModel.swift */; };
		C7D2EAE524CCE43100AAB658 /* Stock.swift in Sources */ = {isa = PBXBuildFile; fileRef = C7D2EAE324CCE43100AAB658 /* Stock.swift */; };
		C7EC99A524D7C0700047914D /* LaunchScreen.storyboard in Resources */ = {isa = PBXBuildFile; fileRef = C7EC99A424D7C0700047914D /* LaunchScreen.storyboard */; };
/* End PBXBuildFile section */

/* Begin PBXFileReference section */
		C737BCC624D39D120025A09D /* StockHoldingsViewController.swift */ = {isa = PBXFileReference; lastKnownFileType = sourcecode.swift; path = StockHoldingsViewController.swift; sourceTree = "<group>"; };
		C7AED75024D516A800BBEA2F /* AddHoldingViewController.swift */ = {isa = PBXFileReference; lastKnownFileType = sourcecode.swift; path = AddHoldingViewController.swift; sourceTree = "<group>"; };
		C7AED75224D5EF4A00BBEA2F /* Holding.swift */ = {isa = PBXFileReference; lastKnownFileType = sourcecode.swift; path = Holding.swift; sourceTree = "<group>"; };
		C7D2EAC924CC00DB00AAB658 /* LiveStocks.app */ = {isa = PBXFileReference; explicitFileType = wrapper.application; includeInIndex = 0; path = LiveStocks.app; sourceTree = BUILT_PRODUCTS_DIR; };
		C7D2EACC24CC00DB00AAB658 /* AppDelegate.swift */ = {isa = PBXFileReference; lastKnownFileType = sourcecode.swift; path = AppDelegate.swift; sourceTree = "<group>"; };
		C7D2EACE24CC00DB00AAB658 /* SceneDelegate.swift */ = {isa = PBXFileReference; lastKnownFileType = sourcecode.swift; path = SceneDelegate.swift; sourceTree = "<group>"; };
		C7D2EAD024CC00DB00AAB658 /* MainViewController.swift */ = {isa = PBXFileReference; lastKnownFileType = sourcecode.swift; path = MainViewController.swift; sourceTree = "<group>"; };
		C7D2EAD324CC00DB00AAB658 /* Base */ = {isa = PBXFileReference; lastKnownFileType = file.storyboard; name = Base; path = Base.lproj/Main.storyboard; sourceTree = "<group>"; };
		C7D2EAD524CC00DC00AAB658 /* Assets.xcassets */ = {isa = PBXFileReference; lastKnownFileType = folder.assetcatalog; path = Assets.xcassets; sourceTree = "<group>"; };
		C7D2EADA24CC00DC00AAB658 /* Info.plist */ = {isa = PBXFileReference; lastKnownFileType = text.plist.xml; path = Info.plist; sourceTree = "<group>"; };
		C7D2EAE224CCE43100AAB658 /* StockModel.swift */ = {isa = PBXFileReference; fileEncoding = 4; lastKnownFileType = sourcecode.swift; path = StockModel.swift; sourceTree = "<group>"; };
		C7D2EAE324CCE43100AAB658 /* Stock.swift */ = {isa = PBXFileReference; fileEncoding = 4; lastKnownFileType = sourcecode.swift; path = Stock.swift; sourceTree = "<group>"; };
		C7EC99A424D7C0700047914D /* LaunchScreen.storyboard */ = {isa = PBXFileReference; lastKnownFileType = file.storyboard; path = LaunchScreen.storyboard; sourceTree = "<group>"; };
/* End PBXFileReference section */

/* Begin PBXFrameworksBuildPhase section */
		C7D2EAC624CC00DB00AAB658 /* Frameworks */ = {
			isa = PBXFrameworksBuildPhase;
			buildActionMask = 2147483647;
			files = (
			);
			runOnlyForDeploymentPostprocessing = 0;
		};
/* End PBXFrameworksBuildPhase section */

/* Begin PBXGroup section */
		C7D2EAC024CC00DB00AAB658 = {
			isa = PBXGroup;
			children = (
				C7D2EACB24CC00DB00AAB658 /* LiveStocks */,
				C7D2EACA24CC00DB00AAB658 /* Products */,
			);
			sourceTree = "<group>";
		};
		C7D2EACA24CC00DB00AAB658 /* Products */ = {
			isa = PBXGroup;
			children = (
				C7D2EAC924CC00DB00AAB658 /* LiveStocks.app */,
			);
			name = Products;
			sourceTree = "<group>";
		};
		C7D2EACB24CC00DB00AAB658 /* LiveStocks */ = {
			isa = PBXGroup;
			children = (
				C7D2EAE224CCE43100AAB658 /* StockModel.swift */,
				C7AED75224D5EF4A00BBEA2F /* Holding.swift */,
				C7D2EAE324CCE43100AAB658 /* Stock.swift */,
				C7D2EAD024CC00DB00AAB658 /* MainViewController.swift */,
				C737BCC624D39D120025A09D /* StockHoldingsViewController.swift */,
				C7AED75024D516A800BBEA2F /* AddHoldingViewController.swift */,
				C7D2EAD224CC00DB00AAB658 /* Main.storyboard */,
				C7D2EAD524CC00DC00AAB658 /* Assets.xcassets */,
				C7D2EADA24CC00DC00AAB658 /* Info.plist */,
				C7D2EACC24CC00DB00AAB658 /* AppDelegate.swift */,
				C7D2EACE24CC00DB00AAB658 /* SceneDelegate.swift */,
				C7EC99A424D7C0700047914D /* LaunchScreen.storyboard */,
			);
			path = LiveStocks;
			sourceTree = "<group>";
		};
/* End PBXGroup section */

/* Begin PBXNativeTarget section */
		C7D2EAC824CC00DB00AAB658 /* LiveStocks */ = {
			isa = PBXNativeTarget;
			buildConfigurationList = C7D2EADD24CC00DC00AAB658 /* Build configuration list for PBXNativeTarget "LiveStocks" */;
			buildPhases = (
				C7D2EAC524CC00DB00AAB658 /* Sources */,
				C7D2EAC624CC00DB00AAB658 /* Frameworks */,
				C7D2EAC724CC00DB00AAB658 /* Resources */,
			);
			buildRules = (
			);
			dependencies = (
			);
			name = LiveStocks;
			productName = test;
			productReference = C7D2EAC924CC00DB00AAB658 /* LiveStocks.app */;
			productType = "com.apple.product-type.application";
		};
/* End PBXNativeTarget section */

/* Begin PBXProject section */
		C7D2EAC124CC00DB00AAB658 /* Project object */ = {
			isa = PBXProject;
			attributes = {
				LastSwiftUpdateCheck = 1130;
				LastUpgradeCheck = 1130;
				ORGANIZATIONNAME = LiveStocks;
				TargetAttributes = {
					C7D2EAC824CC00DB00AAB658 = {
						CreatedOnToolsVersion = 11.3.1;
					};
				};
			};
			buildConfigurationList = C7D2EAC424CC00DB00AAB658 /* Build configuration list for PBXProject "LiveStocks" */;
			compatibilityVersion = "Xcode 9.3";
			developmentRegion = en;
			hasScannedForEncodings = 0;
			knownRegions = (
				en,
				Base,
			);
			mainGroup = C7D2EAC024CC00DB00AAB658;
			productRefGroup = C7D2EACA24CC00DB00AAB658 /* Products */;
			projectDirPath = "";
			projectRoot = "";
			targets = (
				C7D2EAC824CC00DB00AAB658 /* LiveStocks */,
			);
		};
/* End PBXProject section */

/* Begin PBXResourcesBuildPhase section */
		C7D2EAC724CC00DB00AAB658 /* Resources */ = {
			isa = PBXResourcesBuildPhase;
			buildActionMask = 2147483647;
			files = (
				C7EC99A524D7C0700047914D /* LaunchScreen.storyboard in Resources */,
				C7D2EAD624CC00DC00AAB658 /* Assets.xcassets in Resources */,
				C7D2EAD424CC00DB00AAB658 /* Main.storyboard in Resources */,
			);
			runOnlyForDeploymentPostprocessing = 0;
		};
/* End PBXResourcesBuildPhase section */

/* Begin PBXSourcesBuildPhase section */
		C7D2EAC524CC00DB00AAB658 /* Sources */ = {
			isa = PBXSourcesBuildPhase;
			buildActionMask = 2147483647;
			files = (
				C7D2EAD124CC00DB00AAB658 /* MainViewController.swift in Sources */,
				C7D2EAE424CCE43100AAB658 /* StockModel.swift in Sources */,
				C7D2EAE524CCE43100AAB658 /* Stock.swift in Sources */,
				C737BCC724D39D120025A09D /* StockHoldingsViewController.swift in Sources */,
				C7D2EACD24CC00DB00AAB658 /* AppDelegate.swift in Sources */,
				C7AED75324D5EF4A00BBEA2F /* Holding.swift in Sources */,
				C7AED75124D516A800BBEA2F /* AddHoldingViewController.swift in Sources */,
				C7D2EACF24CC00DB00AAB658 /* SceneDelegate.swift in Sources */,
			);
			runOnlyForDeploymentPostprocessing = 0;
		};
/* End PBXSourcesBuildPhase section */

/* Begin PBXVariantGroup section */
		C7D2EAD224CC00DB00AAB658 /* Main.storyboard */ = {
			isa = PBXVariantGroup;
			children = (
				C7D2EAD324CC00DB00AAB658 /* Base */,
			);
			name = Main.storyboard;
			sourceTree = "<group>";
		};
/* End PBXVariantGroup section */

/* Begin XCBuildConfiguration section */
		C7D2EADB24CC00DC00AAB658 /* Debug */ = {
			isa = XCBuildConfiguration;
			buildSettings = {
				ALWAYS_SEARCH_USER_PATHS = NO;
				CLANG_ANALYZER_NONNULL = YES;
				CLANG_ANALYZER_NUMBER_OBJECT_CONVERSION = YES_AGGRESSIVE;
				CLANG_CXX_LANGUAGE_STANDARD = "gnu++14";
				CLANG_CXX_LIBRARY = "libc++";
				CLANG_ENABLE_MODULES = YES;
				CLANG_ENABLE_OBJC_ARC = YES;
				CLANG_ENABLE_OBJC_WEAK = YES;
				CLANG_WARN_BLOCK_CAPTURE_AUTORELEASING = YES;
				CLANG_WARN_BOOL_CONVERSION = YES;
				CLANG_WARN_COMMA = YES;
				CLANG_WARN_CONSTANT_CONVERSION = YES;
				CLANG_WARN_DEPRECATED_OBJC_IMPLEMENTATIONS = YES;
				CLANG_WARN_DIRECT_OBJC_ISA_USAGE = YES_ERROR;
				CLANG_WARN_DOCUMENTATION_COMMENTS = YES;
				CLANG_WARN_EMPTY_BODY = YES;
				CLANG_WARN_ENUM_CONVERSION = YES;
				CLANG_WARN_INFINITE_RECURSION = YES;
				CLANG_WARN_INT_CONVERSION = YES;
				CLANG_WARN_NON_LITERAL_NULL_CONVERSION = YES;
				CLANG_WARN_OBJC_IMPLICIT_RETAIN_SELF = YES;
				CLANG_WARN_OBJC_LITERAL_CONVERSION = YES;
				CLANG_WARN_OBJC_ROOT_CLASS = YES_ERROR;
				CLANG_WARN_RANGE_LOOP_ANALYSIS = YES;
				CLANG_WARN_STRICT_PROTOTYPES = YES;
				CLANG_WARN_SUSPICIOUS_MOVE = YES;
				CLANG_WARN_UNGUARDED_AVAILABILITY = YES_AGGRESSIVE;
				CLANG_WARN_UNREACHABLE_CODE = YES;
				CLANG_WARN__DUPLICATE_METHOD_MATCH = YES;
				COPY_PHASE_STRIP = NO;
				DEBUG_INFORMATION_FORMAT = dwarf;
				ENABLE_STRICT_OBJC_MSGSEND = YES;
				ENABLE_TESTABILITY = YES;
				GCC_C_LANGUAGE_STANDARD = gnu11;
				GCC_DYNAMIC_NO_PIC = NO;
				GCC_NO_COMMON_BLOCKS = YES;
				GCC_OPTIMIZATION_LEVEL = 0;
				GCC_PREPROCESSOR_DEFINITIONS = (
					"DEBUG=1",
					"$(inherited)",
				);
				GCC_WARN_64_TO_32_BIT_CONVERSION = YES;
				GCC_WARN_ABOUT_RETURN_TYPE = YES_ERROR;
				GCC_WARN_UNDECLARED_SELECTOR = YES;
				GCC_WARN_UNINITIALIZED_AUTOS = YES_AGGRESSIVE;
				GCC_WARN_UNUSED_FUNCTION = YES;
				GCC_WARN_UNUSED_VARIABLE = YES;
				IPHONEOS_DEPLOYMENT_TARGET = 13.2;
				MTL_ENABLE_DEBUG_INFO = INCLUDE_SOURCE;
				MTL_FAST_MATH = YES;
				ONLY_ACTIVE_ARCH = YES;
				SDKROOT = iphoneos;
				SWIFT_ACTIVE_COMPILATION_CONDITIONS = DEBUG;
				SWIFT_OPTIMIZATION_LEVEL = "-Onone";
			};
			name = Debug;
		};
		C7D2EADC24CC00DC00AAB658 /* Release */ = {
			isa = XCBuildConfiguration;
			buildSettings = {
				ALWAYS_SEARCH_USER_PATHS = NO;
				CLANG_ANALYZER_NONNULL = YES;
				CLANG_ANALYZER_NUMBER_OBJECT_CONVERSION = YES_AGGRESSIVE;
				CLANG_CXX_LANGUAGE_STANDARD = "gnu++14";
				CLANG_CXX_LIBRARY = "libc++";
				CLANG_ENABLE_MODULES = YES;
				CLANG_ENABLE_OBJC_ARC = YES;
				CLANG_ENABLE_OBJC_WEAK = YES;
				CLANG_WARN_BLOCK_CAPTURE_AUTORELEASING = YES;
				CLANG_WARN_BOOL_CONVERSION = YES;
				CLANG_WARN_COMMA = YES;
				CLANG_WARN_CONSTANT_CONVERSION = YES;
				CLANG_WARN_DEPRECATED_OBJC_IMPLEMENTATIONS = YES;
				CLANG_WARN_DIRECT_OBJC_ISA_USAGE = YES_ERROR;
				CLANG_WARN_DOCUMENTATION_COMMENTS = YES;
				CLANG_WARN_EMPTY_BODY = YES;
				CLANG_WARN_ENUM_CONVERSION = YES;
				CLANG_WARN_INFINITE_RECURSION = YES;
				CLANG_WARN_INT_CONVERSION = YES;
				CLANG_WARN_NON_LITERAL_NULL_CONVERSION = YES;
				CLANG_WARN_OBJC_IMPLICIT_RETAIN_SELF = YES;
				CLANG_WARN_OBJC_LITERAL_CONVERSION = YES;
				CLANG_WARN_OBJC_ROOT_CLASS = YES_ERROR;
				CLANG_WARN_RANGE_LOOP_ANALYSIS = YES;
				CLANG_WARN_STRICT_PROTOTYPES = YES;
				CLANG_WARN_SUSPICIOUS_MOVE = YES;
				CLANG_WARN_UNGUARDED_AVAILABILITY = YES_AGGRESSIVE;
				CLANG_WARN_UNREACHABLE_CODE = YES;
				CLANG_WARN__DUPLICATE_METHOD_MATCH = YES;
				COPY_PHASE_STRIP = NO;
				DEBUG_INFORMATION_FORMAT = "dwarf-with-dsym";
				ENABLE_NS_ASSERTIONS = NO;
				ENABLE_STRICT_OBJC_MSGSEND = YES;
				GCC_C_LANGUAGE_STANDARD = gnu11;
				GCC_NO_COMMON_BLOCKS = YES;
				GCC_WARN_64_TO_32_BIT_CONVERSION = YES;
				GCC_WARN_ABOUT_RETURN_TYPE = YES_ERROR;
				GCC_WARN_UNDECLARED_SELECTOR = YES;
				GCC_WARN_UNINITIALIZED_AUTOS = YES_AGGRESSIVE;
				GCC_WARN_UNUSED_FUNCTION = YES;
				GCC_WARN_UNUSED_VARIABLE = YES;
				IPHONEOS_DEPLOYMENT_TARGET = 13.2;
				MTL_ENABLE_DEBUG_INFO = NO;
				MTL_FAST_MATH = YES;
				SDKROOT = iphoneos;
				SWIFT_COMPILATION_MODE = wholemodule;
				SWIFT_OPTIMIZATION_LEVEL = "-O";
				VALIDATE_PRODUCT = YES;
			};
			name = Release;
		};
		C7D2EADE24CC00DC00AAB658 /* Debug */ = {
			isa = XCBuildConfiguration;
			buildSettings = {
				ASSETCATALOG_COMPILER_APPICON_NAME = AppIcon;
				CODE_SIGN_STYLE = Automatic;
				DEVELOPMENT_TEAM = 6PDJ952WGM;
				INFOPLIST_FILE = LiveStocks/Info.plist;
				LD_RUNPATH_SEARCH_PATHS = (
					"$(inherited)",
					"@executable_path/Frameworks",
				);
				PRODUCT_BUNDLE_IDENTIFIER = blank.LiveStocks;
				PRODUCT_NAME = LiveStocks;
				SWIFT_VERSION = 5.0;
				TARGETED_DEVICE_FAMILY = "1,2";
			};
			name = Debug;
		};
		C7D2EADF24CC00DC00AAB658 /* Release */ = {
			isa = XCBuildConfiguration;
			buildSettings = {
				ASSETCATALOG_COMPILER_APPICON_NAME = AppIcon;
				CODE_SIGN_STYLE = Automatic;
				DEVELOPMENT_TEAM = 6PDJ952WGM;
				INFOPLIST_FILE = LiveStocks/Info.plist;
				LD_RUNPATH_SEARCH_PATHS = (
					"$(inherited)",
					"@executable_path/Frameworks",
				);
				PRODUCT_BUNDLE_IDENTIFIER = blank.LiveStocks;
				PRODUCT_NAME = LiveStocks;
				SWIFT_VERSION = 5.0;
				TARGETED_DEVICE_FAMILY = "1,2";
			};
			name = Release;
		};
/* End XCBuildConfiguration section */

/* Begin XCConfigurationList section */
		C7D2EAC424CC00DB00AAB658 /* Build configuration list for PBXProject "LiveStocks" */ = {
			isa = XCConfigurationList;
			buildConfigurations = (
				C7D2EADB24CC00DC00AAB658 /* Debug */,
				C7D2EADC24CC00DC00AAB658 /* Release */,
			);
			defaultConfigurationIsVisible = 0;
			defaultConfigurationName = Release;
		};
		C7D2EADD24CC00DC00AAB658 /* Build configuration list for PBXNativeTarget "LiveStocks" */ = {
			isa = XCConfigurationList;
			buildConfigurations = (
				C7D2EADE24CC00DC00AAB658 /* Debug */,
				C7D2EADF24CC00DC00AAB658 /* Release */,
			);
			defaultConfigurationIsVisible = 0;
			defaultConfigurationName = Release;
		};
/* End XCConfigurationList section */
	};
	rootObject = C7D2EAC124CC00DB00AAB658 /* Project object */;
}
